{
  "nodes": {
    "flake-utils": {
      "inputs": {
        "systems": "systems"
      },
      "locked": {
        "lastModified": 1731533236,
        "narHash": "sha256-l0KFg5HjrsfsO/JpG+r7fRrqm12kzFHyUHqHCVpMMbI=",
        "owner": "numtide",
        "repo": "flake-utils",
        "rev": "11707dc2f618dd54ca8739b309ec4fc024de578b",
        "type": "github"
      },
      "original": {
        "owner": "numtide",
        "repo": "flake-utils",
        "type": "github"
      }
    },
    "language-servers": {
      "inputs": {
        "flake-utils": [
          "flake-utils"
        ],
        "nixpkgs": [
          "nixpkgs"
        ]
      },
      "locked": {
        "lastModified": 1738495084,
        "narHash": "sha256-2cAsozIzxOudNRLWTCMvvPAMOhUQX6cGPgt4loH0CxY=",
        "owner": "kitten",
        "repo": "language-servers.nix",
        "rev": "32313855138651e17a33294c325d4f593ba95ae6",
        "type": "github"
      },
      "original": {
        "owner": "kitten",
        "repo": "language-servers.nix",
        "type": "github"
      }
    },
    "nixpkgs": {
      "locked": {
        "lastModified": 1779508470,
        "narHash": "sha256-Ap9KJX+5xHIn3bPIpfNgT6MEXdAECECwo4/rmlQD74M=",
        "owner": "nixos",
        "repo": "nixpkgs",
        "rev": "29916453413845e54a65b8a1cf996842300cd299",
        "type": "github"
      },
      "original": {
        "owner": "nixos",
        "ref": "nixos-unstable",
        "repo": "nixpkgs",
        "type": "github"
      }
    },
    "nvim-blink-cmp": {
      "flake": false,
      "locked": {
        "lastModified": 1775330305,
        "narHash": "sha256-C1FpyGw0f35NdHvDUGPXxmKdOgw3SpIteK1gAjVy6Ns=",
        "owner": "Saghen",
        "repo": "blink.cmp",
        "rev": "78336bc89ee5365633bcf754d93df01678b5c08f",
        "type": "github"
      },
      "original": {
        "owner": "Saghen",
        "ref": "v1",
        "repo": "blink.cmp",
        "type": "github"
      }
    },
    "nvim-fff": {
      "flake": false,
      "locked": {
        "lastModified": 1779589736,
        "narHash": "sha256-u9R6JY1WyRfc+8ANf7742LPMcktIl+352ID+ggM/aZ4=",
        "owner": "dmtrKovalenko",
        "repo": "fff.nvim",
        "rev": "5c3a615e76157c091268a8ac249dd220d73ed56a",
        "type": "github"
      },
      "original": {
        "owner": "dmtrKovalenko",
        "ref": "v0.8.2",
        "repo": "fff.nvim",
        "type": "github"
      }
    },
    "nvim-focus": {
      "flake": false,
      "locked": {
        "lastModified": 1770553357,
        "narHash": "sha256-tVXO+uAWVA2GXXggvMPS+/93oG9EFl3RubdWFJsTVaM=",
        "owner": "nvim-focus",
        "repo": "focus.nvim",
        "rev": "36ebedeebe82ebea250c9d671769194caa033902",
        "type": "github"
      },
      "original": {
        "owner": "nvim-focus",
        "repo": "focus.nvim",
        "type": "github"
      }
    },
    "nvim-gitsigns": {
      "flake": false,
      "locked": {
        "lastModified": 1777645676,
        "narHash": "sha256-wZyoOlwRW49FDdwYmw95RzAvjnss1A9FACyVJlX5Xgs=",
        "owner": "lewis6991",
        "repo": "gitsigns.nvim",
        "rev": "dd3f588bacbeb041be6facf1742e42097f62165d",
        "type": "github"
      },
      "original": {
        "owner": "lewis6991",
        "repo": "gitsigns.nvim",
        "type": "github"
      }
    },
    "nvim-glance": {
      "flake": false,
      "locked": {
        "lastModified": 1750113145,
        "narHash": "sha256-N3ura/clenkz2CH9jsfkxiZ/Sn7sE2piJSCGP+ZqL7A=",
        "owner": "DNLHC",
        "repo": "glance.nvim",
        "rev": "bf86d8b79dce808e65fdb6e9269d0b4ed6d2eefc",
        "type": "github"
      },
      "original": {
        "owner": "DNLHC",
        "repo": "glance.nvim",
        "type": "github"
      }
    },
    "nvim-namu": {
      "flake": false,
      "locked": {
        "lastModified": 1771343602,
        "narHash": "sha256-wwPTTAI0m0EcS2KrVG5ofsjo3AZ8VepYUFKlD+R6kKU=",
        "owner": "bassamsdata",
        "repo": "namu.nvim",
        "rev": "e7afbdf63a75ace6ccc6202d58a4f6f9ac09db92",
        "type": "github"
      },
      "original": {
        "owner": "bassamsdata",
        "repo": "namu.nvim",
        "type": "github"
      }
    },
    "nvim-oil": {
      "flake": false,
      "locked": {
        "lastModified": 1778344042,
        "narHash": "sha256-OIqMXKwLWpNRbalP5af61a8/iT7GiWDLVm58UY8WS6U=",
        "owner": "barrettruth",
        "repo": "canola.nvim",
        "rev": "88af183e96724cca98a4602511061662cd5e88f3",
        "type": "github"
      },
      "original": {
        "owner": "barrettruth",
        "repo": "canola.nvim",
        "type": "github"
      }
    },
    "nvim-treesitter-textobjects": {
      "flake": false,
      "locked": {
        "lastModified": 1775552773,
        "narHash": "sha256-fOpRElIwvsFWm4AwETx7fpC3RtdH2BpCfX4YHVitqw0=",
        "owner": "nvim-treesitter",
        "repo": "nvim-treesitter-textobjects",
        "rev": "851e865342e5a4cb1ae23d31caf6e991e1c99f1e",
        "type": "github"
      },
      "original": {
        "owner": "nvim-treesitter",
        "ref": "main",
        "repo": "nvim-treesitter-textobjects",
        "type": "github"
      }
    },
    "root": {
      "inputs": {
        "flake-utils": "flake-utils",
        "language-servers": "language-servers",
        "nixpkgs": "nixpkgs",
        "nvim-blink-cmp": "nvim-blink-cmp",
        "nvim-fff": "nvim-fff",
        "nvim-focus": "nvim-focus",
        "nvim-gitsigns": "nvim-gitsigns",
        "nvim-glance": "nvim-glance",
        "nvim-namu": "nvim-namu",
        "nvim-oil": "nvim-oil",
        "nvim-treesitter-textobjects": "nvim-treesitter-textobjects"
      }
    },
    "systems": {
      "locked": {
        "lastModified": 1681028828,
        "narHash": "sha256-Vy1rq5AaRuLzOxct8nz4T6wlgyUR7zLU309k9mBC768=",
        "owner": "nix-systems",
        "repo": "default",
        "rev": "da67096a3b9bf56a91d16901293e51ba5b49a27e",
        "type": "github"
      },
      "original": {
        "owner": "nix-systems",
        "repo": "default",
        "type": "github"
      }
    }
  },
  "root": "root",
  "version": 7
}
